
Microsoft Visual Studio Solution File, Format Version 12.00
# Visual Studio Version 17
VisualStudioVersion = 17.14.36414.22 d17.14
MinimumVisualStudioVersion = 10.0.40219.1
Project("{FAE04EC0-301F-11D3-BF4B-00C04F79EFBC}") = "MultiThreadingTask", "MultiThreadingTask\MultiThreadingTask.csproj", "{063B0082-4F41-441B-899B-4E231549BB62}"
EndProject
Global
	GlobalSection(SolutionConfigurationPlatforms) = preSolution
		Debug|Any CPU = Debug|Any CPU
		Release|Any CPU = Release|Any CPU
	EndGlobalSection
	GlobalSection(ProjectConfigurationPlatforms) = postSolution
		{063B0082-4F41-441B-899B-4E231549BB62}.Debug|Any CPU.ActiveCfg = Debug|Any CPU
		{063B0082-4F41-441B-899B-4E231549BB62}.Debug|Any CPU.Build.0 = Debug|Any CPU
		{063B0082-4F41-441B-899B-4E231549BB62}.Release|Any CPU.ActiveCfg = Release|Any CPU
		{063B0082-4F41-441B-899B-4E231549BB62}.Release|Any CPU.Build.0 = Release|Any CPU
	EndGlobalSection
	GlobalSection(SolutionProperties) = preSolution
		HideSolutionNode = FALSE
	EndGlobalSection
	GlobalSection(ExtensibilityGlobals) = postSolution
		SolutionGuid = {398F5A96-EC13-4061-8B2F-7990AEBD4275}
	EndGlobalSection
EndGlobal
